
Microsoft Visual Studio Solution File, Format Version 12.00
# Visual Studio Version 17
VisualStudioVersion = 17.10.35004.147
MinimumVisualStudioVersion = 10.0.40219.1
Project("{FAE04EC0-301F-11D3-BF4B-00C04F79EFBC}") = "ApiPrueba", "ApiPrueba\ApiPrueba.csproj", "{EFB16EB2-41DF-454E-B2A6-B7E593F61621}"
EndProject
Global
	GlobalSection(SolutionConfigurationPlatforms) = preSolution
		Debug|Any CPU = Debug|Any CPU
		Release|Any CPU = Release|Any CPU
	EndGlobalSection
	GlobalSection(ProjectConfigurationPlatforms) = postSolution
		{EFB16EB2-41DF-454E-B2A6-B7E593F61621}.Debug|Any CPU.ActiveCfg = Debug|Any CPU
		{EFB16EB2-41DF-454E-B2A6-B7E593F61621}.Debug|Any CPU.Build.0 = Debug|Any CPU
		{EFB16EB2-41DF-454E-B2A6-B7E593F61621}.Release|Any CPU.ActiveCfg = Release|Any CPU
		{EFB16EB2-41DF-454E-B2A6-B7E593F61621}.Release|Any CPU.Build.0 = Release|Any CPU
	EndGlobalSection
	GlobalSection(SolutionProperties) = preSolution
		HideSolutionNode = FALSE
	EndGlobalSection
	GlobalSection(ExtensibilityGlobals) = postSolution
		SolutionGuid = {ADADBDA6-78B9-4B5E-8B54-0CC9AAB02EE5}
	EndGlobalSection
EndGlobal
