
Microsoft Visual Studio Solution File, Format Version 12.00
# Visual Studio Version 17
VisualStudioVersion = 17.10.35004.147
MinimumVisualStudioVersion = 10.0.40219.1
Project("{FAE04EC0-301F-11D3-BF4B-00C04F79EFBC}") = "Diagram", "Diagram\Diagram.csproj", "{0CC7367A-C4D8-45D9-806F-A370BAAE92EF}"
EndProject
Project("{FAE04EC0-301F-11D3-BF4B-00C04F79EFBC}") = "Business", "Business\Business.csproj", "{AB30EC0B-59C6-44E0-8C7A-4F93439ADAEF}"
EndProject
Project("{FAE04EC0-301F-11D3-BF4B-00C04F79EFBC}") = "Data", "Data\Data.csproj", "{731C1CC5-A980-4287-A231-F00DB3427CDC}"
EndProject
Project("{FAE04EC0-301F-11D3-BF4B-00C04F79EFBC}") = "Entity", "Entity\Entity.csproj", "{D3D6F5E1-26FF-41D0-8202-A0EB4FB5E73B}"
EndProject
Project("{FAE04EC0-301F-11D3-BF4B-00C04F79EFBC}") = "Utilities", "Utilities\Utilities.csproj", "{1E221927-8D19-49E6-B14A-9F52496066AB}"
EndProject
Global
	GlobalSection(SolutionConfigurationPlatforms) = preSolution
		Debug|Any CPU = Debug|Any CPU
		Release|Any CPU = Release|Any CPU
	EndGlobalSection
	GlobalSection(ProjectConfigurationPlatforms) = postSolution
		{0CC7367A-C4D8-45D9-806F-A370BAAE92EF}.Debug|Any CPU.ActiveCfg = Debug|Any CPU
		{0CC7367A-C4D8-45D9-806F-A370BAAE92EF}.Debug|Any CPU.Build.0 = Debug|Any CPU
		{0CC7367A-C4D8-45D9-806F-A370BAAE92EF}.Release|Any CPU.ActiveCfg = Release|Any CPU
		{0CC7367A-C4D8-45D9-806F-A370BAAE92EF}.Release|Any CPU.Build.0 = Release|Any CPU
		{AB30EC0B-59C6-44E0-8C7A-4F93439ADAEF}.Debug|Any CPU.ActiveCfg = Debug|Any CPU
		{AB30EC0B-59C6-44E0-8C7A-4F93439ADAEF}.Debug|Any CPU.Build.0 = Debug|Any CPU
		{AB30EC0B-59C6-44E0-8C7A-4F93439ADAEF}.Release|Any CPU.ActiveCfg = Release|Any CPU
		{AB30EC0B-59C6-44E0-8C7A-4F93439ADAEF}.Release|Any CPU.Build.0 = Release|Any CPU
		{731C1CC5-A980-4287-A231-F00DB3427CDC}.Debug|Any CPU.ActiveCfg = Debug|Any CPU
		{731C1CC5-A980-4287-A231-F00DB3427CDC}.Debug|Any CPU.Build.0 = Debug|Any CPU
		{731C1CC5-A980-4287-A231-F00DB3427CDC}.Release|Any CPU.ActiveCfg = Release|Any CPU
		{731C1CC5-A980-4287-A231-F00DB3427CDC}.Release|Any CPU.Build.0 = Release|Any CPU
		{D3D6F5E1-26FF-41D0-8202-A0EB4FB5E73B}.Debug|Any CPU.ActiveCfg = Debug|Any CPU
		{D3D6F5E1-26FF-41D0-8202-A0EB4FB5E73B}.Debug|Any CPU.Build.0 = Debug|Any CPU
		{D3D6F5E1-26FF-41D0-8202-A0EB4FB5E73B}.Release|Any CPU.ActiveCfg = Release|Any CPU
		{D3D6F5E1-26FF-41D0-8202-A0EB4FB5E73B}.Release|Any CPU.Build.0 = Release|Any CPU
		{1E221927-8D19-49E6-B14A-9F52496066AB}.Debug|Any CPU.ActiveCfg = Debug|Any CPU
		{1E221927-8D19-49E6-B14A-9F52496066AB}.Debug|Any CPU.Build.0 = Debug|Any CPU
		{1E221927-8D19-49E6-B14A-9F52496066AB}.Release|Any CPU.ActiveCfg = Release|Any CPU
		{1E221927-8D19-49E6-B14A-9F52496066AB}.Release|Any CPU.Build.0 = Release|Any CPU
	EndGlobalSection
	GlobalSection(SolutionProperties) = preSolution
		HideSolutionNode = FALSE
	EndGlobalSection
	GlobalSection(ExtensibilityGlobals) = postSolution
		SolutionGuid = {B7A199A6-5B63-4AF9-9FF3-0074D8DF3C6D}
	EndGlobalSection
EndGlobal
